
Microsoft Visual Studio Solution File, Format Version 12.00
# Visual Studio Version 17
VisualStudioVersion = 17.8.34330.188
MinimumVisualStudioVersion = 10.0.40219.1
Project("{FAE04EC0-301F-11D3-BF4B-00C04F79EFBC}") = "UI", "UI.csproj", "{C22959AC-222F-4F3C-905A-188619E0FB27}"
EndProject
Project("{FAE04EC0-301F-11D3-BF4B-00C04F79EFBC}") = "BLL", "..\BLL\BLL.csproj", "{362D4D03-0065-482B-9DCD-A05560200C13}"
EndProject
Project("{FAE04EC0-301F-11D3-BF4B-00C04F79EFBC}") = "DAL", "..\DAL\DAL.csproj", "{D28C48AC-0ABD-4C01-B5BA-CB43527D42A5}"
EndProject
Global
	GlobalSection(SolutionConfigurationPlatforms) = preSolution
		Debug|Any CPU = Debug|Any CPU
		Release|Any CPU = Release|Any CPU
	EndGlobalSection
	GlobalSection(ProjectConfigurationPlatforms) = postSolution
		{C22959AC-222F-4F3C-905A-188619E0FB27}.Debug|Any CPU.ActiveCfg = Debug|Any CPU
		{C22959AC-222F-4F3C-905A-188619E0FB27}.Debug|Any CPU.Build.0 = Debug|Any CPU
		{C22959AC-222F-4F3C-905A-188619E0FB27}.Release|Any CPU.ActiveCfg = Release|Any CPU
		{C22959AC-222F-4F3C-905A-188619E0FB27}.Release|Any CPU.Build.0 = Release|Any CPU
		{362D4D03-0065-482B-9DCD-A05560200C13}.Debug|Any CPU.ActiveCfg = Debug|Any CPU
		{362D4D03-0065-482B-9DCD-A05560200C13}.Debug|Any CPU.Build.0 = Debug|Any CPU
		{362D4D03-0065-482B-9DCD-A05560200C13}.Release|Any CPU.ActiveCfg = Release|Any CPU
		{362D4D03-0065-482B-9DCD-A05560200C13}.Release|Any CPU.Build.0 = Release|Any CPU
		{D28C48AC-0ABD-4C01-B5BA-CB43527D42A5}.Debug|Any CPU.ActiveCfg = Debug|Any CPU
		{D28C48AC-0ABD-4C01-B5BA-CB43527D42A5}.Debug|Any CPU.Build.0 = Debug|Any CPU
		{D28C48AC-0ABD-4C01-B5BA-CB43527D42A5}.Release|Any CPU.ActiveCfg = Release|Any CPU
		{D28C48AC-0ABD-4C01-B5BA-CB43527D42A5}.Release|Any CPU.Build.0 = Release|Any CPU
	EndGlobalSection
	GlobalSection(SolutionProperties) = preSolution
		HideSolutionNode = FALSE
	EndGlobalSection
	GlobalSection(ExtensibilityGlobals) = postSolution
		SolutionGuid = {DA7608F5-F028-48A9-8A6C-B5785EB4906E}
	EndGlobalSection
EndGlobal
